Microsoft Visual Studio Solution File, Format Version 12.00
# Visual Studio Version 17
VisualStudioVersion = 17.12.35527.113
MinimumVisualStudioVersion = 10.0.40219.1
Project("{FAE04EC0-301F-11D3-BF4B-00C04F79EFBC}") = "CsharpAspirePubSub.AppHost", "CsharpAspirePubSub.AppHost\CsharpAspirePubSub.AppHost.csproj", "{B4504D66-651F-4645-8743-176F5C293C32}"
EndProject
Project("{FAE04EC0-301F-11D3-BF4B-00C04F79EFBC}") = "CsharpAspirePubSub.ServiceDefaults", "CsharpAspirePubSub.ServiceDefaults\CsharpAspirePubSub.ServiceDefaults.csproj", "{DAB218A2-BEBD-431C-82BF-8649B6583F11}"
EndProject
Project("{FAE04EC0-301F-11D3-BF4B-00C04F79EFBC}") = "CsharpAspirePubSub.Emprestimos.API", "CsharpAspirePubSub.Emprestimos.API\CsharpAspirePubSub.Emprestimos.API.csproj", "{9076D41D-D057-44CD-9769-2C1D00ADB17A}"
EndProject
Project("{FAE04EC0-301F-11D3-BF4B-00C04F79EFBC}") = "CsharpAspirePubSub.Emprestimos.Worker", "CsharpAspirePubSub.Emprestimos.Worker\CsharpAspirePubSub.Emprestimos.Worker.csproj", "{79D89340-46B9-4803-AF8A-0EC69C898EFD}"
EndProject
Global
	GlobalSection(SolutionConfigurationPlatforms) = preSolution
		Debug|Any CPU = Debug|Any CPU
		Release|Any CPU = Release|Any CPU
	EndGlobalSection
	GlobalSection(ProjectConfigurationPlatforms) = postSolution
		{B4504D66-651F-4645-8743-176F5C293C32}.Debug|Any CPU.ActiveCfg = Debug|Any CPU
		{B4504D66-651F-4645-8743-176F5C293C32}.Debug|Any CPU.Build.0 = Debug|Any CPU
		{B4504D66-651F-4645-8743-176F5C293C32}.Release|Any CPU.ActiveCfg = Release|Any CPU
		{B4504D66-651F-4645-8743-176F5C293C32}.Release|Any CPU.Build.0 = Release|Any CPU
		{DAB218A2-BEBD-431C-82BF-8649B6583F11}.Debug|Any CPU.ActiveCfg = Debug|Any CPU
		{DAB218A2-BEBD-431C-82BF-8649B6583F11}.Debug|Any CPU.Build.0 = Debug|Any CPU
		{DAB218A2-BEBD-431C-82BF-8649B6583F11}.Release|Any CPU.ActiveCfg = Release|Any CPU
		{DAB218A2-BEBD-431C-82BF-8649B6583F11}.Release|Any CPU.Build.0 = Release|Any CPU
		{9076D41D-D057-44CD-9769-2C1D00ADB17A}.Debug|Any CPU.ActiveCfg = Debug|Any CPU
		{9076D41D-D057-44CD-9769-2C1D00ADB17A}.Debug|Any CPU.Build.0 = Debug|Any CPU
		{9076D41D-D057-44CD-9769-2C1D00ADB17A}.Release|Any CPU.ActiveCfg = Release|Any CPU
		{9076D41D-D057-44CD-9769-2C1D00ADB17A}.Release|Any CPU.Build.0 = Release|Any CPU
		{79D89340-46B9-4803-AF8A-0EC69C898EFD}.Debug|Any CPU.ActiveCfg = Debug|Any CPU
		{79D89340-46B9-4803-AF8A-0EC69C898EFD}.Debug|Any CPU.Build.0 = Debug|Any CPU
		{79D89340-46B9-4803-AF8A-0EC69C898EFD}.Release|Any CPU.ActiveCfg = Release|Any CPU
		{79D89340-46B9-4803-AF8A-0EC69C898EFD}.Release|Any CPU.Build.0 = Release|Any CPU
	EndGlobalSection
	GlobalSection(SolutionProperties) = preSolution
		HideSolutionNode = FALSE
	EndGlobalSection
EndGlobal
